// !$*UTF8*$!
{
	archiveVersion = 1;
	classes = {
	};
	objectVersion = 50;
	objects = {

/* Begin PBXBuildFile section */
		B86264D2235041A600DE3654 /* AppDelegate.swift in Sources */ = {isa = PBXBuildFile; fileRef = B86264D1235041A600DE3654 /* AppDelegate.swift */; };
		B86264D4235041A600DE3654 /* SceneDelegate.swift in Sources */ = {isa = PBXBuildFile; fileRef = B86264D3235041A600DE3654 /* SceneDelegate.swift */; };
		B86264D6235041A600DE3654 /* ViewController.swift in Sources */ = {isa = PBXBuildFile; fileRef = B86264D5235041A600DE3654 /* ViewController.swift */; };
		B86264DB235041A700DE3654 /* Assets.xcassets in Resources */ = {isa = PBXBuildFile; fileRef = B86264DA235041A700DE3654 /* Assets.xcassets */; };
		B86264DE235041A700DE3654 /* LaunchScreen.storyboard in Resources */ = {isa = PBXBuildFile; fileRef = B86264DC235041A700DE3654 /* LaunchScreen.storyboard */; };
		B86264E9235041A700DE3654 /* projectAppTests.swift in Sources */ = {isa = PBXBuildFile; fileRef = B86264E8235041A700DE3654 /* projectAppTests.swift */; };
		B86264F4235041A700DE3654 /* projectAppUITests.swift in Sources */ = {isa = PBXBuildFile; fileRef = B86264F3235041A700DE3654 /* projectAppUITests.swift */; };
		B86265022350427200DE3654 /* LoginViewController.swift in Sources */ = {isa = PBXBuildFile; fileRef = B86265012350427200DE3654 /* LoginViewController.swift */; };
		DC76EA3023597CE400F92066 /* Main.storyboard in Resources */ = {isa = PBXBuildFile; fileRef = DC76EA2E23597CE400F92066 /* Main.storyboard */; };
		DC76EA322359830C00F92066 /* TommyTrojan.jpg in Resources */ = {isa = PBXBuildFile; fileRef = DC76EA312359830C00F92066 /* TommyTrojan.jpg */; };
		DC76EA36235986DA00F92066 /* SettingPage.swift in Sources */ = {isa = PBXBuildFile; fileRef = DC76EA33235986DA00F92066 /* SettingPage.swift */; };
		DC76EA37235986DA00F92066 /* ProfilePage.swift in Sources */ = {isa = PBXBuildFile; fileRef = DC76EA34235986DA00F92066 /* ProfilePage.swift */; };
		DC76EA38235986DA00F92066 /* StockDetailPage.swift in Sources */ = {isa = PBXBuildFile; fileRef = DC76EA35235986DA00F92066 /* StockDetailPage.swift */; };
		DF56513D23583F66006049E7 /* TabBarViewController.swift in Sources */ = {isa = PBXBuildFile; fileRef = DF56513C23583F66006049E7 /* TabBarViewController.swift */; };
/* End PBXBuildFile section */

/* Begin PBXContainerItemProxy section */
		B86264E5235041A700DE3654 /* PBXContainerItemProxy */ = {
			isa = PBXContainerItemProxy;
			containerPortal = B86264C6235041A600DE3654 /* Project object */;
			proxyType = 1;
			remoteGlobalIDString = B86264CD235041A600DE3654;
			remoteInfo = projectApp;
		};
		B86264F0235041A700DE3654 /* PBXContainerItemProxy */ = {
			isa = PBXContainerItemProxy;
			containerPortal = B86264C6235041A600DE3654 /* Project object */;
			proxyType = 1;
			remoteGlobalIDString = B86264CD235041A600DE3654;
			remoteInfo = projectApp;
		};
/* End PBXContainerItemProxy section */

/* Begin PBXFileReference section */
		B86264CE235041A600DE3654 /* projectApp.app */ = {isa = PBXFileReference; explicitFileType = wrapper.application; includeInIndex = 0; path = projectApp.app; sourceTree = BUILT_PRODUCTS_DIR; };
		B86264D1235041A600DE3654 /* AppDelegate.swift */ = {isa = PBXFileReference; lastKnownFileType = sourcecode.swift; path = AppDelegate.swift; sourceTree = "<group>"; };
		B86264D3235041A600DE3654 /* SceneDelegate.swift */ = {isa = PBXFileReference; lastKnownFileType = sourcecode.swift; path = SceneDelegate.swift; sourceTree = "<group>"; };
		B86264D5235041A600DE3654 /* ViewController.swift */ = {isa = PBXFileReference; lastKnownFileType = sourcecode.swift; path = ViewController.swift; sourceTree = "<group>"; };
		B86264DA235041A700DE3654 /* Assets.xcassets */ = {isa = PBXFileReference; lastKnownFileType = folder.assetcatalog; path = Assets.xcassets; sourceTree = "<group>"; };
		B86264DD235041A700DE3654 /* Base */ = {isa = PBXFileReference; lastKnownFileType = file.storyboard; name = Base; path = Base.lproj/LaunchScreen.storyboard; sourceTree = "<group>"; };
		B86264DF235041A700DE3654 /* Info.plist */ = {isa = PBXFileReference; lastKnownFileType = text.plist.xml; path = Info.plist; sourceTree = "<group>"; };
		B86264E4235041A700DE3654 /* projectAppTests.xctest */ = {isa = PBXFileReference; explicitFileType = wrapper.cfbundle; includeInIndex = 0; path = projectAppTests.xctest; sourceTree = BUILT_PRODUCTS_DIR; };
		B86264E8235041A700DE3654 /* projectAppTests.swift */ = {isa = PBXFileReference; lastKnownFileType = sourcecode.swift; path = projectAppTests.swift; sourceTree = "<group>"; };
		B86264EA235041A700DE3654 /* Info.plist */ = {isa = PBXFileReference; lastKnownFileType = text.plist.xml; path = Info.plist; sourceTree = "<group>"; };
		B86264EF235041A700DE3654 /* projectAppUITests.xctest */ = {isa = PBXFileReference; explicitFileType = wrapper.cfbundle; includeInIndex = 0; path = projectAppUITests.xctest; sourceTree = BUILT_PRODUCTS_DIR; };
		B86264F3235041A700DE3654 /* projectAppUITests.swift */ = {isa = PBXFileReference; lastKnownFileType = sourcecode.swift; path = projectAppUITests.swift; sourceTree = "<group>"; };
		B86264F5235041A700DE3654 /* Info.plist */ = {isa = PBXFileReference; lastKnownFileType = text.plist.xml; path = Info.plist; sourceTree = "<group>"; };
		B86265012350427200DE3654 /* LoginViewController.swift */ = {isa = PBXFileReference; lastKnownFileType = sourcecode.swift; path = LoginViewController.swift; sourceTree = "<group>"; };
		DC76EA2F23597CE400F92066 /* Base */ = {isa = PBXFileReference; lastKnownFileType = file.storyboard; name = Base; path = Base.lproj/Main.storyboard; sourceTree = "<group>"; };
		DC76EA312359830C00F92066 /* TommyTrojan.jpg */ = {isa = PBXFileReference; lastKnownFileType = image.jpeg; name = TommyTrojan.jpg; path = Assets.xcassets/TommyTrojan.jpg; sourceTree = "<group>"; };
		DC76EA33235986DA00F92066 /* SettingPage.swift */ = {isa = PBXFileReference; fileEncoding = 4; lastKnownFileType = sourcecode.swift; name = SettingPage.swift; path = "../../../CSCI401-Fidelity-Project/projectApp/projectApp/SettingPage.swift"; sourceTree = "<group>"; };
		DC76EA34235986DA00F92066 /* ProfilePage.swift */ = {isa = PBXFileReference; fileEncoding = 4; lastKnownFileType = sourcecode.swift; name = ProfilePage.swift; path = "../../../CSCI401-Fidelity-Project/projectApp/projectApp/ProfilePage.swift"; sourceTree = "<group>"; };
		DC76EA35235986DA00F92066 /* StockDetailPage.swift */ = {isa = PBXFileReference; fileEncoding = 4; lastKnownFileType = sourcecode.swift; name = StockDetailPage.swift; path = "../../../CSCI401-Fidelity-Project/projectApp/projectApp/StockDetailPage.swift"; sourceTree = "<group>"; };
		DF56513C23583F66006049E7 /* TabBarViewController.swift */ = {isa = PBXFileReference; lastKnownFileType = sourcecode.swift; path = TabBarViewController.swift; sourceTree = "<group>"; };
/* End PBXFileReference section */

/* Begin PBXFrameworksBuildPhase section */
		B86264CB235041A600DE3654 /* Frameworks */ = {
			isa = PBXFrameworksBuildPhase;
			buildActionMask = 2147483647;
			files = (
			);
			runOnlyForDeploymentPostprocessing = 0;
		};
		B86264E1235041A700DE3654 /* Frameworks */ = {
			isa = PBXFrameworksBuildPhase;
			buildActionMask = 2147483647;
			files = (
			);
			runOnlyForDeploymentPostprocessing = 0;
		};
		B86264EC235041A700DE3654 /* Frameworks */ = {
			isa = PBXFrameworksBuildPhase;
			buildActionMask = 2147483647;
			files = (
			);
			runOnlyForDeploymentPostprocessing = 0;
		};
/* End PBXFrameworksBuildPhase section */

/* Begin PBXGroup section */
		B86264C5235041A600DE3654 = {
			isa = PBXGroup;
			children = (
				B86264D0235041A600DE3654 /* projectApp */,
				B86264E7235041A700DE3654 /* projectAppTests */,
				B86264F2235041A700DE3654 /* projectAppUITests */,
				B86264CF235041A600DE3654 /* Products */,
			);
			sourceTree = "<group>";
		};
		B86264CF235041A600DE3654 /* Products */ = {
			isa = PBXGroup;
			children = (
				B86264CE235041A600DE3654 /* projectApp.app */,
				B86264E4235041A700DE3654 /* projectAppTests.xctest */,
				B86264EF235041A700DE3654 /* projectAppUITests.xctest */,
			);
			name = Products;
			sourceTree = "<group>";
		};
		B86264D0235041A600DE3654 /* projectApp */ = {
			isa = PBXGroup;
			children = (
				DC76EA2E23597CE400F92066 /* Main.storyboard */,
				B86264D1235041A600DE3654 /* AppDelegate.swift */,
				DC76EA34235986DA00F92066 /* ProfilePage.swift */,
				DC76EA33235986DA00F92066 /* SettingPage.swift */,
				DC76EA35235986DA00F92066 /* StockDetailPage.swift */,
				B86264D3235041A600DE3654 /* SceneDelegate.swift */,
				B86264D5235041A600DE3654 /* ViewController.swift */,
				B86264DA235041A700DE3654 /* Assets.xcassets */,
				DC76EA312359830C00F92066 /* TommyTrojan.jpg */,
				B86264DC235041A700DE3654 /* LaunchScreen.storyboard */,
				B86264DF235041A700DE3654 /* Info.plist */,
				B86265012350427200DE3654 /* LoginViewController.swift */,
				DF56513C23583F66006049E7 /* TabBarViewController.swift */,
			);
			path = projectApp;
			sourceTree = "<group>";
		};
		B86264E7235041A700DE3654 /* projectAppTests */ = {
			isa = PBXGroup;
			children = (
				B86264E8235041A700DE3654 /* projectAppTests.swift */,
				B86264EA235041A700DE3654 /* Info.plist */,
			);
			path = projectAppTests;
			sourceTree = "<group>";
		};
		B86264F2235041A700DE3654 /* projectAppUITests */ = {
			isa = PBXGroup;
			children = (
				B86264F3235041A700DE3654 /* projectAppUITests.swift */,
				B86264F5235041A700DE3654 /* Info.plist */,
			);
			path = projectAppUITests;
			sourceTree = "<group>";
		};
/* End PBXGroup section */

/* Begin PBXNativeTarget section */
		B86264CD235041A600DE3654 /* projectApp */ = {
			isa = PBXNativeTarget;
			buildConfigurationList = B86264F8235041A700DE3654 /* Build configuration list for PBXNativeTarget "projectApp" */;
			buildPhases = (
				B86264CA235041A600DE3654 /* Sources */,
				B86264CB235041A600DE3654 /* Frameworks */,
				B86264CC235041A600DE3654 /* Resources */,
			);
			buildRules = (
			);
			dependencies = (
			);
			name = projectApp;
			productName = projectApp;
			productReference = B86264CE235041A600DE3654 /* projectApp.app */;
			productType = "com.apple.product-type.application";
		};
		B86264E3235041A700DE3654 /* projectAppTests */ = {
			isa = PBXNativeTarget;
			buildConfigurationList = B86264FB235041A700DE3654 /* Build configuration list for PBXNativeTarget "projectAppTests" */;
			buildPhases = (
				B86264E0235041A700DE3654 /* Sources */,
				B86264E1235041A700DE3654 /* Frameworks */,
				B86264E2235041A700DE3654 /* Resources */,
			);
			buildRules = (
			);
			dependencies = (
				B86264E6235041A700DE3654 /* PBXTargetDependency */,
			);
			name = projectAppTests;
			productName = projectAppTests;
			productReference = B86264E4235041A700DE3654 /* projectAppTests.xctest */;
			productType = "com.apple.product-type.bundle.unit-test";
		};
		B86264EE235041A700DE3654 /* projectAppUITests */ = {
			isa = PBXNativeTarget;
			buildConfigurationList = B86264FE235041A700DE3654 /* Build configuration list for PBXNativeTarget "projectAppUITests" */;
			buildPhases = (
				B86264EB235041A700DE3654 /* Sources */,
				B86264EC235041A700DE3654 /* Frameworks */,
				B86264ED235041A700DE3654 /* Resources */,
			);
			buildRules = (
			);
			dependencies = (
				B86264F1235041A700DE3654 /* PBXTargetDependency */,
			);
			name = projectAppUITests;
			productName = projectAppUITests;
			productReference = B86264EF235041A700DE3654 /* projectAppUITests.xctest */;
			productType = "com.apple.product-type.bundle.ui-testing";
		};
/* End PBXNativeTarget section */

/* Begin PBXProject section */
		B86264C6235041A600DE3654 /* Project object */ = {
			isa = PBXProject;
			attributes = {
				LastSwiftUpdateCheck = 1110;
				LastUpgradeCheck = 1110;
				ORGANIZATIONNAME = "Minxuan Song";
				TargetAttributes = {
					B86264CD235041A600DE3654 = {
						CreatedOnToolsVersion = 11.1;
					};
					B86264E3235041A700DE3654 = {
						CreatedOnToolsVersion = 11.1;
						TestTargetID = B86264CD235041A600DE3654;
					};
					B86264EE235041A700DE3654 = {
						CreatedOnToolsVersion = 11.1;
						TestTargetID = B86264CD235041A600DE3654;
					};
				};
			};
			buildConfigurationList = B86264C9235041A600DE3654 /* Build configuration list for PBXProject "projectApp" */;
			compatibilityVersion = "Xcode 9.3";
			developmentRegion = en;
			hasScannedForEncodings = 0;
			knownRegions = (
				en,
				Base,
			);
			mainGroup = B86264C5235041A600DE3654;
			productRefGroup = B86264CF235041A600DE3654 /* Products */;
			projectDirPath = "";
			projectRoot = "";
			targets = (
				B86264CD235041A600DE3654 /* projectApp */,
				B86264E3235041A700DE3654 /* projectAppTests */,
				B86264EE235041A700DE3654 /* projectAppUITests */,
			);
		};
/* End PBXProject section */

/* Begin PBXResourcesBuildPhase section */
		B86264CC235041A600DE3654 /* Resources */ = {
			isa = PBXResourcesBuildPhase;
			buildActionMask = 2147483647;
			files = (
				DC76EA3023597CE400F92066 /* Main.storyboard in Resources */,
				B86264DE235041A700DE3654 /* LaunchScreen.storyboard in Resources */,
				DC76EA322359830C00F92066 /* TommyTrojan.jpg in Resources */,
				B86264DB235041A700DE3654 /* Assets.xcassets in Resources */,
			);
			runOnlyForDeploymentPostprocessing = 0;
		};
		B86264E2235041A700DE3654 /* Resources */ = {
			isa = PBXResourcesBuildPhase;
			buildActionMask = 2147483647;
			files = (
			);
			runOnlyForDeploymentPostprocessing = 0;
		};
		B86264ED235041A700DE3654 /* Resources */ = {
			isa = PBXResourcesBuildPhase;
			buildActionMask = 2147483647;
			files = (
			);
			runOnlyForDeploymentPostprocessing = 0;
		};
/* End PBXResourcesBuildPhase section */

/* Begin PBXSourcesBuildPhase section */
		B86264CA235041A600DE3654 /* Sources */ = {
			isa = PBXSourcesBuildPhase;
			buildActionMask = 2147483647;
			files = (
				B86264D6235041A600DE3654 /* ViewController.swift in Sources */,
				B86265022350427200DE3654 /* LoginViewController.swift in Sources */,
				B86264D2235041A600DE3654 /* AppDelegate.swift in Sources */,
				DC76EA37235986DA00F92066 /* ProfilePage.swift in Sources */,
				DC76EA38235986DA00F92066 /* StockDetailPage.swift in Sources */,
				DF56513D23583F66006049E7 /* TabBarViewController.swift in Sources */,
				B86264D4235041A600DE3654 /* SceneDelegate.swift in Sources */,
				DC76EA36235986DA00F92066 /* SettingPage.swift in Sources */,
			);
			runOnlyForDeploymentPostprocessing = 0;
		};
		B86264E0235041A700DE3654 /* Sources */ = {
			isa = PBXSourcesBuildPhase;
			buildActionMask = 2147483647;
			files = (
				B86264E9235041A700DE3654 /* projectAppTests.swift in Sources */,
			);
			runOnlyForDeploymentPostprocessing = 0;
		};
		B86264EB235041A700DE3654 /* Sources */ = {
			isa = PBXSourcesBuildPhase;
			buildActionMask = 2147483647;
			files = (
				B86264F4235041A700DE3654 /* projectAppUITests.swift in Sources */,
			);
			runOnlyForDeploymentPostprocessing = 0;
		};
/* End PBXSourcesBuildPhase section */

/* Begin PBXTargetDependency section */
		B86264E6235041A700DE3654 /* PBXTargetDependency */ = {
			isa = PBXTargetDependency;
			target = B86264CD235041A600DE3654 /* projectApp */;
			targetProxy = B86264E5235041A700DE3654 /* PBXContainerItemProxy */;
		};
		B86264F1235041A700DE3654 /* PBXTargetDependency */ = {
			isa = PBXTargetDependency;
			target = B86264CD235041A600DE3654 /* projectApp */;
			targetProxy = B86264F0235041A700DE3654 /* PBXContainerItemProxy */;
		};
/* End PBXTargetDependency section */

/* Begin PBXVariantGroup section */
		B86264DC235041A700DE3654 /* LaunchScreen.storyboard */ = {
			isa = PBXVariantGroup;
			children = (
				B86264DD235041A700DE3654 /* Base */,
			);
			name = LaunchScreen.storyboard;
			sourceTree = "<group>";
		};
		DC76EA2E23597CE400F92066 /* Main.storyboard */ = {
			isa = PBXVariantGroup;
			children = (
				DC76EA2F23597CE400F92066 /* Base */,
			);
			name = Main.storyboard;
			sourceTree = "<group>";
		};
/* End PBXVariantGroup section */

/* Begin XCBuildConfiguration section */
		B86264F6235041A700DE3654 /* Debug */ = {
			isa = XCBuildConfiguration;
			buildSettings = {
				ALWAYS_SEARCH_USER_PATHS = NO;
				CLANG_ANALYZER_NONNULL = YES;
				CLANG_ANALYZER_NUMBER_OBJECT_CONVERSION = YES_AGGRESSIVE;
				CLANG_CXX_LANGUAGE_STANDARD = "gnu++14";
				CLANG_CXX_LIBRARY = "libc++";
				CLANG_ENABLE_MODULES = YES;
				CLANG_ENABLE_OBJC_ARC = YES;
				CLANG_ENABLE_OBJC_WEAK = YES;
				CLANG_WARN_BLOCK_CAPTURE_AUTORELEASING = YES;
				CLANG_WARN_BOOL_CONVERSION = YES;
				CLANG_WARN_COMMA = YES;
				CLANG_WARN_CONSTANT_CONVERSION = YES;
				CLANG_WARN_DEPRECATED_OBJC_IMPLEMENTATIONS = YES;
				CLANG_WARN_DIRECT_OBJC_ISA_USAGE = YES_ERROR;
				CLANG_WARN_DOCUMENTATION_COMMENTS = YES;
				CLANG_WARN_EMPTY_BODY = YES;
				CLANG_WARN_ENUM_CONVERSION = YES;
				CLANG_WARN_INFINITE_RECURSION = YES;
				CLANG_WARN_INT_CONVERSION = YES;
				CLANG_WARN_NON_LITERAL_NULL_CONVERSION = YES;
				CLANG_WARN_OBJC_IMPLICIT_RETAIN_SELF = YES;
				CLANG_WARN_OBJC_LITERAL_CONVERSION = YES;
				CLANG_WARN_OBJC_ROOT_CLASS = YES_ERROR;
				CLANG_WARN_RANGE_LOOP_ANALYSIS = YES;
				CLANG_WARN_STRICT_PROTOTYPES = YES;
				CLANG_WARN_SUSPICIOUS_MOVE = YES;
				CLANG_WARN_UNGUARDED_AVAILABILITY = YES_AGGRESSIVE;
				CLANG_WARN_UNREACHABLE_CODE = YES;
				CLANG_WARN__DUPLICATE_METHOD_MATCH = YES;
				COPY_PHASE_STRIP = NO;
				DEBUG_INFORMATION_FORMAT = dwarf;
				ENABLE_STRICT_OBJC_MSGSEND = YES;
				ENABLE_TESTABILITY = YES;
				GCC_C_LANGUAGE_STANDARD = gnu11;
				GCC_DYNAMIC_NO_PIC = NO;
				GCC_NO_COMMON_BLOCKS = YES;
				GCC_OPTIMIZATION_LEVEL = 0;
				GCC_PREPROCESSOR_DEFINITIONS = (
					"DEBUG=1",
					"$(inherited)",
				);
				GCC_WARN_64_TO_32_BIT_CONVERSION = YES;
				GCC_WARN_ABOUT_RETURN_TYPE = YES_ERROR;
				GCC_WARN_UNDECLARED_SELECTOR = YES;
				GCC_WARN_UNINITIALIZED_AUTOS = YES_AGGRESSIVE;
				GCC_WARN_UNUSED_FUNCTION = YES;
				GCC_WARN_UNUSED_VARIABLE = YES;
				IPHONEOS_DEPLOYMENT_TARGET = 13.1;
				MTL_ENABLE_DEBUG_INFO = INCLUDE_SOURCE;
				MTL_FAST_MATH = YES;
				ONLY_ACTIVE_ARCH = YES;
				SDKROOT = iphoneos;
				SWIFT_ACTIVE_COMPILATION_CONDITIONS = DEBUG;
				SWIFT_OPTIMIZATION_LEVEL = "-Onone";
			};
			name = Debug;
		};
		B86264F7235041A700DE3654 /* Release */ = {
			isa = XCBuildConfiguration;
			buildSettings = {
				ALWAYS_SEARCH_USER_PATHS = NO;
				CLANG_ANALYZER_NONNULL = YES;
				CLANG_ANALYZER_NUMBER_OBJECT_CONVERSION = YES_AGGRESSIVE;
				CLANG_CXX_LANGUAGE_STANDARD = "gnu++14";
				CLANG_CXX_LIBRARY = "libc++";
				CLANG_ENABLE_MODULES = YES;
				CLANG_ENABLE_OBJC_ARC = YES;
				CLANG_ENABLE_OBJC_WEAK = YES;
				CLANG_WARN_BLOCK_CAPTURE_AUTORELEASING = YES;
				CLANG_WARN_BOOL_CONVERSION = YES;
				CLANG_WARN_COMMA = YES;
				CLANG_WARN_CONSTANT_CONVERSION = YES;
				CLANG_WARN_DEPRECATED_OBJC_IMPLEMENTATIONS = YES;
				CLANG_WARN_DIRECT_OBJC_ISA_USAGE = YES_ERROR;
				CLANG_WARN_DOCUMENTATION_COMMENTS = YES;
				CLANG_WARN_EMPTY_BODY = YES;
				CLANG_WARN_ENUM_CONVERSION = YES;
				CLANG_WARN_INFINITE_RECURSION = YES;
				CLANG_WARN_INT_CONVERSION = YES;
				CLANG_WARN_NON_LITERAL_NULL_CONVERSION = YES;
				CLANG_WARN_OBJC_IMPLICIT_RETAIN_SELF = YES;
				CLANG_WARN_OBJC_LITERAL_CONVERSION = YES;
				CLANG_WARN_OBJC_ROOT_CLASS = YES_ERROR;
				CLANG_WARN_RANGE_LOOP_ANALYSIS = YES;
				CLANG_WARN_STRICT_PROTOTYPES = YES;
				CLANG_WARN_SUSPICIOUS_MOVE = YES;
				CLANG_WARN_UNGUARDED_AVAILABILITY = YES_AGGRESSIVE;
				CLANG_WARN_UNREACHABLE_CODE = YES;
				CLANG_WARN__DUPLICATE_METHOD_MATCH = YES;
				COPY_PHASE_STRIP = NO;
				DEBUG_INFORMATION_FORMAT = "dwarf-with-dsym";
				ENABLE_NS_ASSERTIONS = NO;
				ENABLE_STRICT_OBJC_MSGSEND = YES;
				GCC_C_LANGUAGE_STANDARD = gnu11;
				GCC_NO_COMMON_BLOCKS = YES;
				GCC_WARN_64_TO_32_BIT_CONVERSION = YES;
				GCC_WARN_ABOUT_RETURN_TYPE = YES_ERROR;
				GCC_WARN_UNDECLARED_SELECTOR = YES;
				GCC_WARN_UNINITIALIZED_AUTOS = YES_AGGRESSIVE;
				GCC_WARN_UNUSED_FUNCTION = YES;
				GCC_WARN_UNUSED_VARIABLE = YES;
				IPHONEOS_DEPLOYMENT_TARGET = 13.1;
				MTL_ENABLE_DEBUG_INFO = NO;
				MTL_FAST_MATH = YES;
				SDKROOT = iphoneos;
				SWIFT_COMPILATION_MODE = wholemodule;
				SWIFT_OPTIMIZATION_LEVEL = "-O";
				VALIDATE_PRODUCT = YES;
			};
			name = Release;
		};
		B86264F9235041A700DE3654 /* Debug */ = {
			isa = XCBuildConfiguration;
			buildSettings = {
				ASSETCATALOG_COMPILER_APPICON_NAME = AppIcon;
				CODE_SIGN_STYLE = Automatic;
				DEVELOPMENT_TEAM = UZC2T7N9AH;
				INFOPLIST_FILE = projectApp/Info.plist;
				IPHONEOS_DEPLOYMENT_TARGET = 13.0;
				LD_RUNPATH_SEARCH_PATHS = (
					"$(inherited)",
					"@executable_path/Frameworks",
				);
				PRODUCT_BUNDLE_IDENTIFIER = "Minxuan-Song.projectApp";
				PRODUCT_NAME = "$(TARGET_NAME)";
				SWIFT_VERSION = 5.0;
				TARGETED_DEVICE_FAMILY = "1,2";
			};
			name = Debug;
		};
		B86264FA235041A700DE3654 /* Release */ = {
			isa = XCBuildConfiguration;
			buildSettings = {
				ASSETCATALOG_COMPILER_APPICON_NAME = AppIcon;
				CODE_SIGN_STYLE = Automatic;
				DEVELOPMENT_TEAM = UZC2T7N9AH;
				INFOPLIST_FILE = projectApp/Info.plist;
				IPHONEOS_DEPLOYMENT_TARGET = 13.0;
				LD_RUNPATH_SEARCH_PATHS = (
					"$(inherited)",
					"@executable_path/Frameworks",
				);
				PRODUCT_BUNDLE_IDENTIFIER = "Minxuan-Song.projectApp";
				PRODUCT_NAME = "$(TARGET_NAME)";
				SWIFT_VERSION = 5.0;
				TARGETED_DEVICE_FAMILY = "1,2";
			};
			name = Release;
		};
		B86264FC235041A700DE3654 /* Debug */ = {
			isa = XCBuildConfiguration;
			buildSettings = {
				ALWAYS_EMBED_SWIFT_STANDARD_LIBRARIES = YES;
				BUNDLE_LOADER = "$(TEST_HOST)";
				CODE_SIGN_STYLE = Automatic;
				INFOPLIST_FILE = projectAppTests/Info.plist;
				IPHONEOS_DEPLOYMENT_TARGET = 13.1;
				LD_RUNPATH_SEARCH_PATHS = (
					"$(inherited)",
					"@executable_path/Frameworks",
					"@loader_path/Frameworks",
				);
				PRODUCT_BUNDLE_IDENTIFIER = "Minxuan-Song.projectAppTests";
				PRODUCT_NAME = "$(TARGET_NAME)";
				SWIFT_VERSION = 5.0;
				TARGETED_DEVICE_FAMILY = "1,2";
				TEST_HOST = "$(BUILT_PRODUCTS_DIR)/projectApp.app/projectApp";
			};
			name = Debug;
		};
		B86264FD235041A700DE3654 /* Release */ = {
			isa = XCBuildConfiguration;
			buildSettings = {
				ALWAYS_EMBED_SWIFT_STANDARD_LIBRARIES = YES;
				BUNDLE_LOADER = "$(TEST_HOST)";
				CODE_SIGN_STYLE = Automatic;
				INFOPLIST_FILE = projectAppTests/Info.plist;
				IPHONEOS_DEPLOYMENT_TARGET = 13.1;
				LD_RUNPATH_SEARCH_PATHS = (
					"$(inherited)",
					"@executable_path/Frameworks",
					"@loader_path/Frameworks",
				);
				PRODUCT_BUNDLE_IDENTIFIER = "Minxuan-Song.projectAppTests";
				PRODUCT_NAME = "$(TARGET_NAME)";
				SWIFT_VERSION = 5.0;
				TARGETED_DEVICE_FAMILY = "1,2";
				TEST_HOST = "$(BUILT_PRODUCTS_DIR)/projectApp.app/projectApp";
			};
			name = Release;
		};
		B86264FF235041A700DE3654 /* Debug */ = {
			isa = XCBuildConfiguration;
			buildSettings = {
				ALWAYS_EMBED_SWIFT_STANDARD_LIBRARIES = YES;
				CODE_SIGN_STYLE = Automatic;
				INFOPLIST_FILE = projectAppUITests/Info.plist;
				LD_RUNPATH_SEARCH_PATHS = (
					"$(inherited)",
					"@executable_path/Frameworks",
					"@loader_path/Frameworks",
				);
				PRODUCT_BUNDLE_IDENTIFIER = "Minxuan-Song.projectAppUITests";
				PRODUCT_NAME = "$(TARGET_NAME)";
				SWIFT_VERSION = 5.0;
				TARGETED_DEVICE_FAMILY = "1,2";
				TEST_TARGET_NAME = projectApp;
			};
			name = Debug;
		};
		B8626500235041A700DE3654 /* Release */ = {
			isa = XCBuildConfiguration;
			buildSettings = {
				ALWAYS_EMBED_SWIFT_STANDARD_LIBRARIES = YES;
				CODE_SIGN_STYLE = Automatic;
				INFOPLIST_FILE = projectAppUITests/Info.plist;
				LD_RUNPATH_SEARCH_PATHS = (
					"$(inherited)",
					"@executable_path/Frameworks",
					"@loader_path/Frameworks",
				);
				PRODUCT_BUNDLE_IDENTIFIER = "Minxuan-Song.projectAppUITests";
				PRODUCT_NAME = "$(TARGET_NAME)";
				SWIFT_VERSION = 5.0;
				TARGETED_DEVICE_FAMILY = "1,2";
				TEST_TARGET_NAME = projectApp;
			};
			name = Release;
		};
/* End XCBuildConfiguration section */

/* Begin XCConfigurationList section */
		B86264C9235041A600DE3654 /* Build configuration list for PBXProject "projectApp" */ = {
			isa = XCConfigurationList;
			buildConfigurations = (
				B86264F6235041A700DE3654 /* Debug */,
				B86264F7235041A700DE3654 /* Release */,
			);
			defaultConfigurationIsVisible = 0;
			defaultConfigurationName = Release;
		};
		B86264F8235041A700DE3654 /* Build configuration list for PBXNativeTarget "projectApp" */ = {
			isa = XCConfigurationList;
			buildConfigurations = (
				B86264F9235041A700DE3654 /* Debug */,
				B86264FA235041A700DE3654 /* Release */,
			);
			defaultConfigurationIsVisible = 0;
			defaultConfigurationName = Release;
		};
		B86264FB235041A700DE3654 /* Build configuration list for PBXNativeTarget "projectAppTests" */ = {
			isa = XCConfigurationList;
			buildConfigurations = (
				B86264FC235041A700DE3654 /* Debug */,
				B86264FD235041A700DE3654 /* Release */,
			);
			defaultConfigurationIsVisible = 0;
			defaultConfigurationName = Release;
		};
		B86264FE235041A700DE3654 /* Build configuration list for PBXNativeTarget "projectAppUITests" */ = {
			isa = XCConfigurationList;
			buildConfigurations = (
				B86264FF235041A700DE3654 /* Debug */,
				B8626500235041A700DE3654 /* Release */,
			);
			defaultConfigurationIsVisible = 0;
			defaultConfigurationName = Release;
		};
/* End XCConfigurationList section */
	};
	rootObject = B86264C6235041A600DE3654 /* Project object */;
}
